// !$*UTF8*$!
{
	archiveVersion = 1;
	classes = {
	};
	objectVersion = 46;
	objects = {

/* Begin PBXBuildFile section */
		31F868DB1C2B6E5E00542250 /* DoubleExtensions.swift in Sources */ = {isa = PBXBuildFile; fileRef = 31F868DA1C2B6E5E00542250 /* DoubleExtensions.swift */; };
		7605D3121C81FC180046FAC3 /* EZSwiftExtensionsTestsArray.swift in Sources */ = {isa = PBXBuildFile; fileRef = 7605D3021C81FBB80046FAC3 /* EZSwiftExtensionsTestsArray.swift */; };
		7605D3131C81FC180046FAC3 /* EZSwiftExtensionsTestsBlockButton.swift in Sources */ = {isa = PBXBuildFile; fileRef = 7605D3031C81FBB80046FAC3 /* EZSwiftExtensionsTestsBlockButton.swift */; };
		7605D3141C81FC180046FAC3 /* EZSwiftExtensionsTestsBool.swift in Sources */ = {isa = PBXBuildFile; fileRef = 7605D3041C81FBB80046FAC3 /* EZSwiftExtensionsTestsBool.swift */; };
		7605D3151C81FC180046FAC3 /* EZSwiftExtensionsTestsCGFloat.swift in Sources */ = {isa = PBXBuildFile; fileRef = 7605D3051C81FBB80046FAC3 /* EZSwiftExtensionsTestsCGFloat.swift */; };
		7605D3161C81FC180046FAC3 /* EZSwiftExtensionsTestsDictionary.swift in Sources */ = {isa = PBXBuildFile; fileRef = 7605D3061C81FBB80046FAC3 /* EZSwiftExtensionsTestsDictionary.swift */; };
		7605D3171C81FC180046FAC3 /* EZSwiftExtensionsTestsInt.swift in Sources */ = {isa = PBXBuildFile; fileRef = 7605D3071C81FBB80046FAC3 /* EZSwiftExtensionsTestsInt.swift */; };
		7605D3181C81FC180046FAC3 /* EZSwiftExtensionsTestsNSDate.swift in Sources */ = {isa = PBXBuildFile; fileRef = 7605D3081C81FBB80046FAC3 /* EZSwiftExtensionsTestsNSDate.swift */; };
		7605D3191C81FC180046FAC3 /* EZSwiftExtensionsTestsString.swift in Sources */ = {isa = PBXBuildFile; fileRef = 7605D3091C81FBB80046FAC3 /* EZSwiftExtensionsTestsString.swift */; };
		B5DC86AD1C0ED06700972D0A /* EZSwiftExtensions.h in Headers */ = {isa = PBXBuildFile; fileRef = B5DC86AC1C0ED06700972D0A /* EZSwiftExtensions.h */; settings = {ATTRIBUTES = (Public, ); }; };
		B5DC86B41C0ED06700972D0A /* EZSwiftExtensions.framework in Frameworks */ = {isa = PBXBuildFile; fileRef = B5DC86A91C0ED06700972D0A /* EZSwiftExtensions.framework */; };
		B5DC86B91C0ED06700972D0A /* EZSwiftExtensionsTests.swift in Sources */ = {isa = PBXBuildFile; fileRef = B5DC86B81C0ED06700972D0A /* EZSwiftExtensionsTests.swift */; };
		B5DC871C1C0ED34300972D0A /* ArrayExtensions.swift in Sources */ = {isa = PBXBuildFile; fileRef = B5DC86FF1C0ED34300972D0A /* ArrayExtensions.swift */; };
		B5DC871D1C0ED34300972D0A /* BlockButton.swift in Sources */ = {isa = PBXBuildFile; fileRef = B5DC87001C0ED34300972D0A /* BlockButton.swift */; };
		B5DC871E1C0ED34300972D0A /* BlockLongPress.swift in Sources */ = {isa = PBXBuildFile; fileRef = B5DC87011C0ED34300972D0A /* BlockLongPress.swift */; };
		B5DC871F1C0ED34300972D0A /* BlockPan.swift in Sources */ = {isa = PBXBuildFile; fileRef = B5DC87021C0ED34300972D0A /* BlockPan.swift */; };
		B5DC87201C0ED34300972D0A /* BlockPinch.swift in Sources */ = {isa = PBXBuildFile; fileRef = B5DC87031C0ED34300972D0A /* BlockPinch.swift */; };
		B5DC87211C0ED34300972D0A /* BlockSwipe.swift in Sources */ = {isa = PBXBuildFile; fileRef = B5DC87041C0ED34300972D0A /* BlockSwipe.swift */; };
		B5DC87221C0ED34300972D0A /* BlockTap.swift in Sources */ = {isa = PBXBuildFile; fileRef = B5DC87051C0ED34300972D0A /* BlockTap.swift */; };
		B5DC87231C0ED34300972D0A /* BlockWebView.swift in Sources */ = {isa = PBXBuildFile; fileRef = B5DC87061C0ED34300972D0A /* BlockWebView.swift */; };
		B5DC87241C0ED34300972D0A /* BoolExtentions.swift in Sources */ = {isa = PBXBuildFile; fileRef = B5DC87071C0ED34300972D0A /* BoolExtentions.swift */; };
		B5DC87251C0ED34300972D0A /* CGFloatExtensions.swift in Sources */ = {isa = PBXBuildFile; fileRef = B5DC87081C0ED34300972D0A /* CGFloatExtensions.swift */; };
		B5DC87261C0ED34300972D0A /* CGRectExtensions.swift in Sources */ = {isa = PBXBuildFile; fileRef = B5DC87091C0ED34300972D0A /* CGRectExtensions.swift */; };
		B5DC87271C0ED34300972D0A /* DictionaryExtensions.swift in Sources */ = {isa = PBXBuildFile; fileRef = B5DC870A1C0ED34300972D0A /* DictionaryExtensions.swift */; };
		B5DC87281C0ED34300972D0A /* EZSwiftExtensions.swift in Sources */ = {isa = PBXBuildFile; fileRef = B5DC870B1C0ED34300972D0A /* EZSwiftExtensions.swift */; };
		B5DC87291C0ED34300972D0A /* IntExtentions.swift in Sources */ = {isa = PBXBuildFile; fileRef = B5DC870C1C0ED34300972D0A /* IntExtentions.swift */; };
		B5DC872A1C0ED34300972D0A /* NSDateExtensions.swift in Sources */ = {isa = PBXBuildFile; fileRef = B5DC870D1C0ED34300972D0A /* NSDateExtensions.swift */; };
		B5DC872B1C0ED34300972D0A /* NSObjectExtentions.swift in Sources */ = {isa = PBXBuildFile; fileRef = B5DC870E1C0ED34300972D0A /* NSObjectExtentions.swift */; };
		B5DC872C1C0ED34300972D0A /* NSUserDefaultsExtension.swift in Sources */ = {isa = PBXBuildFile; fileRef = B5DC870F1C0ED34300972D0A /* NSUserDefaultsExtension.swift */; };
		B5DC872D1C0ED34300972D0A /* StringExtensions.swift in Sources */ = {isa = PBXBuildFile; fileRef = B5DC87101C0ED34300972D0A /* StringExtensions.swift */; };
		B5DC872E1C0ED34300972D0A /* UIButtonExtensions.swift in Sources */ = {isa = PBXBuildFile; fileRef = B5DC87111C0ED34300972D0A /* UIButtonExtensions.swift */; };
		B5DC872F1C0ED34300972D0A /* UIColoredView.swift in Sources */ = {isa = PBXBuildFile; fileRef = B5DC87121C0ED34300972D0A /* UIColoredView.swift */; };
		B5DC87301C0ED34300972D0A /* UIColorExtensions.swift in Sources */ = {isa = PBXBuildFile; fileRef = B5DC87131C0ED34300972D0A /* UIColorExtensions.swift */; };
		B5DC87311C0ED34300972D0A /* UIDeviceExtensions.swift in Sources */ = {isa = PBXBuildFile; fileRef = B5DC87141C0ED34300972D0A /* UIDeviceExtensions.swift */; };
		B5DC87321C0ED34300972D0A /* UIFontExtensions.swift in Sources */ = {isa = PBXBuildFile; fileRef = B5DC87151C0ED34300972D0A /* UIFontExtensions.swift */; };
		B5DC87331C0ED34300972D0A /* UIImageExtensions.swift in Sources */ = {isa = PBXBuildFile; fileRef = B5DC87161C0ED34300972D0A /* UIImageExtensions.swift */; };
		B5DC87341C0ED34300972D0A /* UIImageViewExtensions.swift in Sources */ = {isa = PBXBuildFile; fileRef = B5DC87171C0ED34300972D0A /* UIImageViewExtensions.swift */; };
		B5DC87351C0ED34300972D0A /* UILabelExtensions.swift in Sources */ = {isa = PBXBuildFile; fileRef = B5DC87181C0ED34300972D0A /* UILabelExtensions.swift */; };
		B5DC87361C0ED34300972D0A /* UITextViewExtensions.swift in Sources */ = {isa = PBXBuildFile; fileRef = B5DC87191C0ED34300972D0A /* UITextViewExtensions.swift */; };
		B5DC87371C0ED34300972D0A /* UIViewControllerExtensions.swift in Sources */ = {isa = PBXBuildFile; fileRef = B5DC871A1C0ED34300972D0A /* UIViewControllerExtensions.swift */; };
		B5DC87381C0ED34300972D0A /* UIViewExtensions.swift in Sources */ = {isa = PBXBuildFile; fileRef = B5DC871B1C0ED34300972D0A /* UIViewExtensions.swift */; };
		C85840EB1C43B02C00595696 /* NSURLExtensions.swift in Sources */ = {isa = PBXBuildFile; fileRef = C85840EA1C43B02C00595696 /* NSURLExtensions.swift */; };
		E17878101C8651EB00BC05AA /* NSAttributedStringExtensions.swift in Sources */ = {isa = PBXBuildFile; fileRef = E178780F1C8651EB00BC05AA /* NSAttributedStringExtensions.swift */; };
		E17878121C86520100BC05AA /* NSTimerExtensions.swift in Sources */ = {isa = PBXBuildFile; fileRef = E17878111C86520100BC05AA /* NSTimerExtensions.swift */; };
/* End PBXBuildFile section */

/* Begin PBXContainerItemProxy section */
		B5DC86B51C0ED06700972D0A /* PBXContainerItemProxy */ = {
			isa = PBXContainerItemProxy;
			containerPortal = B5DC86A01C0ED06700972D0A /* Project object */;
			proxyType = 1;
			remoteGlobalIDString = B5DC86A81C0ED06700972D0A;
			remoteInfo = EZSwiftExtensions;
		};
/* End PBXContainerItemProxy section */

/* Begin PBXFileReference section */
		31F868DA1C2B6E5E00542250 /* DoubleExtensions.swift */ = {isa = PBXFileReference; lastKnownFileType = sourcecode.swift; path = DoubleExtensions.swift; sourceTree = "<group>"; };
		7605D3021C81FBB80046FAC3 /* EZSwiftExtensionsTestsArray.swift */ = {isa = PBXFileReference; fileEncoding = 4; lastKnownFileType = sourcecode.swift; path = EZSwiftExtensionsTestsArray.swift; sourceTree = "<group>"; };
		7605D3031C81FBB80046FAC3 /* EZSwiftExtensionsTestsBlockButton.swift */ = {isa = PBXFileReference; fileEncoding = 4; lastKnownFileType = sourcecode.swift; path = EZSwiftExtensionsTestsBlockButton.swift; sourceTree = "<group>"; };
		7605D3041C81FBB80046FAC3 /* EZSwiftExtensionsTestsBool.swift */ = {isa = PBXFileReference; fileEncoding = 4; lastKnownFileType = sourcecode.swift; path = EZSwiftExtensionsTestsBool.swift; sourceTree = "<group>"; };
		7605D3051C81FBB80046FAC3 /* EZSwiftExtensionsTestsCGFloat.swift */ = {isa = PBXFileReference; fileEncoding = 4; lastKnownFileType = sourcecode.swift; path = EZSwiftExtensionsTestsCGFloat.swift; sourceTree = "<group>"; };
		7605D3061C81FBB80046FAC3 /* EZSwiftExtensionsTestsDictionary.swift */ = {isa = PBXFileReference; fileEncoding = 4; lastKnownFileType = sourcecode.swift; path = EZSwiftExtensionsTestsDictionary.swift; sourceTree = "<group>"; };
		7605D3071C81FBB80046FAC3 /* EZSwiftExtensionsTestsInt.swift */ = {isa = PBXFileReference; fileEncoding = 4; lastKnownFileType = sourcecode.swift; path = EZSwiftExtensionsTestsInt.swift; sourceTree = "<group>"; };
		7605D3081C81FBB80046FAC3 /* EZSwiftExtensionsTestsNSDate.swift */ = {isa = PBXFileReference; fileEncoding = 4; lastKnownFileType = sourcecode.swift; path = EZSwiftExtensionsTestsNSDate.swift; sourceTree = "<group>"; };
		7605D3091C81FBB80046FAC3 /* EZSwiftExtensionsTestsString.swift */ = {isa = PBXFileReference; fileEncoding = 4; lastKnownFileType = sourcecode.swift; path = EZSwiftExtensionsTestsString.swift; sourceTree = "<group>"; };
		B5DC86A91C0ED06700972D0A /* EZSwiftExtensions.framework */ = {isa = PBXFileReference; explicitFileType = wrapper.framework; includeInIndex = 0; path = EZSwiftExtensions.framework; sourceTree = BUILT_PRODUCTS_DIR; };
		B5DC86AC1C0ED06700972D0A /* EZSwiftExtensions.h */ = {isa = PBXFileReference; lastKnownFileType = sourcecode.c.h; path = EZSwiftExtensions.h; sourceTree = "<group>"; };
		B5DC86AE1C0ED06700972D0A /* Info.plist */ = {isa = PBXFileReference; lastKnownFileType = text.plist.xml; path = Info.plist; sourceTree = "<group>"; };
		B5DC86B31C0ED06700972D0A /* EZSwiftExtensionsTest.xctest */ = {isa = PBXFileReference; explicitFileType = wrapper.cfbundle; includeInIndex = 0; path = EZSwiftExtensionsTest.xctest; sourceTree = BUILT_PRODUCTS_DIR; };
		B5DC86B81C0ED06700972D0A /* EZSwiftExtensionsTests.swift */ = {isa = PBXFileReference; lastKnownFileType = sourcecode.swift; path = EZSwiftExtensionsTests.swift; sourceTree = "<group>"; };
		B5DC86BA1C0ED06700972D0A /* Info.plist */ = {isa = PBXFileReference; lastKnownFileType = text.plist.xml; path = Info.plist; sourceTree = "<group>"; };
		B5DC86FF1C0ED34300972D0A /* ArrayExtensions.swift */ = {isa = PBXFileReference; fileEncoding = 4; lastKnownFileType = sourcecode.swift; path = ArrayExtensions.swift; sourceTree = "<group>"; };
		B5DC87001C0ED34300972D0A /* BlockButton.swift */ = {isa = PBXFileReference; fileEncoding = 4; lastKnownFileType = sourcecode.swift; path = BlockButton.swift; sourceTree = "<group>"; };
		B5DC87011C0ED34300972D0A /* BlockLongPress.swift */ = {isa = PBXFileReference; fileEncoding = 4; lastKnownFileType = sourcecode.swift; path = BlockLongPress.swift; sourceTree = "<group>"; };
		B5DC87021C0ED34300972D0A /* BlockPan.swift */ = {isa = PBXFileReference; fileEncoding = 4; lastKnownFileType = sourcecode.swift; path = BlockPan.swift; sourceTree = "<group>"; };
		B5DC87031C0ED34300972D0A /* BlockPinch.swift */ = {isa = PBXFileReference; fileEncoding = 4; lastKnownFileType = sourcecode.swift; path = BlockPinch.swift; sourceTree = "<group>"; };
		B5DC87041C0ED34300972D0A /* BlockSwipe.swift */ = {isa = PBXFileReference; fileEncoding = 4; lastKnownFileType = sourcecode.swift; path = BlockSwipe.swift; sourceTree = "<group>"; };
		B5DC87051C0ED34300972D0A /* BlockTap.swift */ = {isa = PBXFileReference; fileEncoding = 4; lastKnownFileType = sourcecode.swift; path = BlockTap.swift; sourceTree = "<group>"; };
		B5DC87061C0ED34300972D0A /* BlockWebView.swift */ = {isa = PBXFileReference; fileEncoding = 4; lastKnownFileType = sourcecode.swift; path = BlockWebView.swift; sourceTree = "<group>"; };
		B5DC87071C0ED34300972D0A /* BoolExtentions.swift */ = {isa = PBXFileReference; fileEncoding = 4; lastKnownFileType = sourcecode.swift; path = BoolExtentions.swift; sourceTree = "<group>"; };
		B5DC87081C0ED34300972D0A /* CGFloatExtensions.swift */ = {isa = PBXFileReference; fileEncoding = 4; lastKnownFileType = sourcecode.swift; path = CGFloatExtensions.swift; sourceTree = "<group>"; };
		B5DC87091C0ED34300972D0A /* CGRectExtensions.swift */ = {isa = PBXFileReference; fileEncoding = 4; lastKnownFileType = sourcecode.swift; path = CGRectExtensions.swift; sourceTree = "<group>"; };
		B5DC870A1C0ED34300972D0A /* DictionaryExtensions.swift */ = {isa = PBXFileReference; fileEncoding = 4; lastKnownFileType = sourcecode.swift; path = DictionaryExtensions.swift; sourceTree = "<group>"; };
		B5DC870B1C0ED34300972D0A /* EZSwiftExtensions.swift */ = {isa = PBXFileReference; fileEncoding = 4; lastKnownFileType = sourcecode.swift; path = EZSwiftExtensions.swift; sourceTree = "<group>"; };
		B5DC870C1C0ED34300972D0A /* IntExtentions.swift */ = {isa = PBXFileReference; fileEncoding = 4; lastKnownFileType = sourcecode.swift; path = IntExtentions.swift; sourceTree = "<group>"; };
		B5DC870D1C0ED34300972D0A /* NSDateExtensions.swift */ = {isa = PBXFileReference; fileEncoding = 4; lastKnownFileType = sourcecode.swift; path = NSDateExtensions.swift; sourceTree = "<group>"; };
		B5DC870E1C0ED34300972D0A /* NSObjectExtentions.swift */ = {isa = PBXFileReference; fileEncoding = 4; lastKnownFileType = sourcecode.swift; path = NSObjectExtentions.swift; sourceTree = "<group>"; };
		B5DC870F1C0ED34300972D0A /* NSUserDefaultsExtension.swift */ = {isa = PBXFileReference; fileEncoding = 4; lastKnownFileType = sourcecode.swift; path = NSUserDefaultsExtension.swift; sourceTree = "<group>"; };
		B5DC87101C0ED34300972D0A /* StringExtensions.swift */ = {isa = PBXFileReference; fileEncoding = 4; lastKnownFileType = sourcecode.swift; path = StringExtensions.swift; sourceTree = "<group>"; };
		B5DC87111C0ED34300972D0A /* UIButtonExtensions.swift */ = {isa = PBXFileReference; fileEncoding = 4; lastKnownFileType = sourcecode.swift; path = UIButtonExtensions.swift; sourceTree = "<group>"; };
		B5DC87121C0ED34300972D0A /* UIColoredView.swift */ = {isa = PBXFileReference; fileEncoding = 4; lastKnownFileType = sourcecode.swift; path = UIColoredView.swift; sourceTree = "<group>"; };
		B5DC87131C0ED34300972D0A /* UIColorExtensions.swift */ = {isa = PBXFileReference; fileEncoding = 4; lastKnownFileType = sourcecode.swift; path = UIColorExtensions.swift; sourceTree = "<group>"; };
		B5DC87141C0ED34300972D0A /* UIDeviceExtensions.swift */ = {isa = PBXFileReference; fileEncoding = 4; lastKnownFileType = sourcecode.swift; path = UIDeviceExtensions.swift; sourceTree = "<group>"; };
		B5DC87151C0ED34300972D0A /* UIFontExtensions.swift */ = {isa = PBXFileReference; fileEncoding = 4; lastKnownFileType = sourcecode.swift; path = UIFontExtensions.swift; sourceTree = "<group>"; };
		B5DC87161C0ED34300972D0A /* UIImageExtensions.swift */ = {isa = PBXFileReference; fileEncoding = 4; lastKnownFileType = sourcecode.swift; path = UIImageExtensions.swift; sourceTree = "<group>"; };
		B5DC87171C0ED34300972D0A /* UIImageViewExtensions.swift */ = {isa = PBXFileReference; fileEncoding = 4; lastKnownFileType = sourcecode.swift; path = UIImageViewExtensions.swift; sourceTree = "<group>"; };
		B5DC87181C0ED34300972D0A /* UILabelExtensions.swift */ = {isa = PBXFileReference; fileEncoding = 4; lastKnownFileType = sourcecode.swift; path = UILabelExtensions.swift; sourceTree = "<group>"; };
		B5DC87191C0ED34300972D0A /* UITextViewExtensions.swift */ = {isa = PBXFileReference; fileEncoding = 4; lastKnownFileType = sourcecode.swift; path = UITextViewExtensions.swift; sourceTree = "<group>"; };
		B5DC871A1C0ED34300972D0A /* UIViewControllerExtensions.swift */ = {isa = PBXFileReference; fileEncoding = 4; lastKnownFileType = sourcecode.swift; path = UIViewControllerExtensions.swift; sourceTree = "<group>"; };
		B5DC871B1C0ED34300972D0A /* UIViewExtensions.swift */ = {isa = PBXFileReference; fileEncoding = 4; lastKnownFileType = sourcecode.swift; path = UIViewExtensions.swift; sourceTree = "<group>"; };
		C85840EA1C43B02C00595696 /* NSURLExtensions.swift */ = {isa = PBXFileReference; fileEncoding = 4; lastKnownFileType = sourcecode.swift; path = NSURLExtensions.swift; sourceTree = "<group>"; };
		E178780F1C8651EB00BC05AA /* NSAttributedStringExtensions.swift */ = {isa = PBXFileReference; fileEncoding = 4; lastKnownFileType = sourcecode.swift; path = NSAttributedStringExtensions.swift; sourceTree = "<group>"; };
		E17878111C86520100BC05AA /* NSTimerExtensions.swift */ = {isa = PBXFileReference; fileEncoding = 4; lastKnownFileType = sourcecode.swift; path = NSTimerExtensions.swift; sourceTree = "<group>"; };
/* End PBXFileReference section */

/* Begin PBXFrameworksBuildPhase section */
		B5DC86A51C0ED06700972D0A /* Frameworks */ = {
			isa = PBXFrameworksBuildPhase;
			buildActionMask = 2147483647;
			files = (
			);
			runOnlyForDeploymentPostprocessing = 0;
		};
		B5DC86B01C0ED06700972D0A /* Frameworks */ = {
			isa = PBXFrameworksBuildPhase;
			buildActionMask = 2147483647;
			files = (
				B5DC86B41C0ED06700972D0A /* EZSwiftExtensions.framework in Frameworks */,
			);
			runOnlyForDeploymentPostprocessing = 0;
		};
/* End PBXFrameworksBuildPhase section */

/* Begin PBXGroup section */
		B5DC869F1C0ED06700972D0A = {
			isa = PBXGroup;
			children = (
				B5DC86AB1C0ED06700972D0A /* EZSwiftExtensions */,
				B5DC86B71C0ED06700972D0A /* EZSwiftExtensionsTests */,
				B5DC86AA1C0ED06700972D0A /* Products */,
			);
			sourceTree = "<group>";
		};
		B5DC86AA1C0ED06700972D0A /* Products */ = {
			isa = PBXGroup;
			children = (
				B5DC86A91C0ED06700972D0A /* EZSwiftExtensions.framework */,
				B5DC86B31C0ED06700972D0A /* EZSwiftExtensionsTest.xctest */,
			);
			name = Products;
			sourceTree = "<group>";
		};
		B5DC86AB1C0ED06700972D0A /* EZSwiftExtensions */ = {
			isa = PBXGroup;
			children = (
				B5DC86FE1C0ED34300972D0A /* Sources */,
				B5DC86AC1C0ED06700972D0A /* EZSwiftExtensions.h */,
				B5DC86AE1C0ED06700972D0A /* Info.plist */,
			);
			path = EZSwiftExtensions;
			sourceTree = "<group>";
		};
		B5DC86B71C0ED06700972D0A /* EZSwiftExtensionsTests */ = {
			isa = PBXGroup;
			children = (
				7605D3021C81FBB80046FAC3 /* EZSwiftExtensionsTestsArray.swift */,
				7605D3031C81FBB80046FAC3 /* EZSwiftExtensionsTestsBlockButton.swift */,
				7605D3041C81FBB80046FAC3 /* EZSwiftExtensionsTestsBool.swift */,
				7605D3051C81FBB80046FAC3 /* EZSwiftExtensionsTestsCGFloat.swift */,
				7605D3061C81FBB80046FAC3 /* EZSwiftExtensionsTestsDictionary.swift */,
				7605D3071C81FBB80046FAC3 /* EZSwiftExtensionsTestsInt.swift */,
				7605D3081C81FBB80046FAC3 /* EZSwiftExtensionsTestsNSDate.swift */,
				7605D3091C81FBB80046FAC3 /* EZSwiftExtensionsTestsString.swift */,
				B5DC86B81C0ED06700972D0A /* EZSwiftExtensionsTests.swift */,
				B5DC86BA1C0ED06700972D0A /* Info.plist */,
			);
			path = EZSwiftExtensionsTests;
			sourceTree = "<group>";
		};
		B5DC86FE1C0ED34300972D0A /* Sources */ = {
			isa = PBXGroup;
			children = (
				B5DC86FF1C0ED34300972D0A /* ArrayExtensions.swift */,
				B5DC87001C0ED34300972D0A /* BlockButton.swift */,
				B5DC87011C0ED34300972D0A /* BlockLongPress.swift */,
				B5DC87021C0ED34300972D0A /* BlockPan.swift */,
				B5DC87031C0ED34300972D0A /* BlockPinch.swift */,
				B5DC87041C0ED34300972D0A /* BlockSwipe.swift */,
				B5DC87051C0ED34300972D0A /* BlockTap.swift */,
				B5DC87061C0ED34300972D0A /* BlockWebView.swift */,
				B5DC87071C0ED34300972D0A /* BoolExtentions.swift */,
				B5DC87081C0ED34300972D0A /* CGFloatExtensions.swift */,
				B5DC87091C0ED34300972D0A /* CGRectExtensions.swift */,
				B5DC870A1C0ED34300972D0A /* DictionaryExtensions.swift */,
				31F868DA1C2B6E5E00542250 /* DoubleExtensions.swift */,
				B5DC870B1C0ED34300972D0A /* EZSwiftExtensions.swift */,
				B5DC870C1C0ED34300972D0A /* IntExtentions.swift */,
				E178780F1C8651EB00BC05AA /* NSAttributedStringExtensions.swift */,
				B5DC870D1C0ED34300972D0A /* NSDateExtensions.swift */,
				B5DC870E1C0ED34300972D0A /* NSObjectExtentions.swift */,
				B5DC870F1C0ED34300972D0A /* NSUserDefaultsExtension.swift */,
				E17878111C86520100BC05AA /* NSTimerExtensions.swift */,
				B5DC87101C0ED34300972D0A /* StringExtensions.swift */,
				B5DC87111C0ED34300972D0A /* UIButtonExtensions.swift */,
				B5DC87121C0ED34300972D0A /* UIColoredView.swift */,
				B5DC87131C0ED34300972D0A /* UIColorExtensions.swift */,
				B5DC87141C0ED34300972D0A /* UIDeviceExtensions.swift */,
				B5DC87151C0ED34300972D0A /* UIFontExtensions.swift */,
				B5DC87161C0ED34300972D0A /* UIImageExtensions.swift */,
				B5DC87171C0ED34300972D0A /* UIImageViewExtensions.swift */,
				B5DC87181C0ED34300972D0A /* UILabelExtensions.swift */,
				B5DC87191C0ED34300972D0A /* UITextViewExtensions.swift */,
				B5DC871A1C0ED34300972D0A /* UIViewControllerExtensions.swift */,
				B5DC871B1C0ED34300972D0A /* UIViewExtensions.swift */,
				C85840EA1C43B02C00595696 /* NSURLExtensions.swift */,
			);
			path = Sources;
			sourceTree = SOURCE_ROOT;
		};
/* End PBXGroup section */

/* Begin PBXHeadersBuildPhase section */
		B5DC86A61C0ED06700972D0A /* Headers */ = {
			isa = PBXHeadersBuildPhase;
			buildActionMask = 2147483647;
			files = (
				B5DC86AD1C0ED06700972D0A /* EZSwiftExtensions.h in Headers */,
			);
			runOnlyForDeploymentPostprocessing = 0;
		};
/* End PBXHeadersBuildPhase section */

/* Begin PBXNativeTarget section */
		B5DC86A81C0ED06700972D0A /* EZSwiftExtensions-iOS */ = {
			isa = PBXNativeTarget;
			buildConfigurationList = B5DC86BD1C0ED06700972D0A /* Build configuration list for PBXNativeTarget "EZSwiftExtensions-iOS" */;
			buildPhases = (
				B5DC86A41C0ED06700972D0A /* Sources */,
				B5DC86A51C0ED06700972D0A /* Frameworks */,
				B5DC86A61C0ED06700972D0A /* Headers */,
				B5DC86A71C0ED06700972D0A /* Resources */,
			);
			buildRules = (
			);
			dependencies = (
			);
			name = "EZSwiftExtensions-iOS";
			productName = EZSwiftExtensions;
			productReference = B5DC86A91C0ED06700972D0A /* EZSwiftExtensions.framework */;
			productType = "com.apple.product-type.framework";
		};
		B5DC86B21C0ED06700972D0A /* EZSwiftExtensionsTests-iOS */ = {
			isa = PBXNativeTarget;
			buildConfigurationList = B5DC86C01C0ED06700972D0A /* Build configuration list for PBXNativeTarget "EZSwiftExtensionsTests-iOS" */;
			buildPhases = (
				B5DC86AF1C0ED06700972D0A /* Sources */,
				B5DC86B01C0ED06700972D0A /* Frameworks */,
				B5DC86B11C0ED06700972D0A /* Resources */,
			);
			buildRules = (
			);
			dependencies = (
				B5DC86B61C0ED06700972D0A /* PBXTargetDependency */,
			);
			name = "EZSwiftExtensionsTests-iOS";
			productName = EZSwiftExtensionsTests;
			productReference = B5DC86B31C0ED06700972D0A /* EZSwiftExtensionsTest.xctest */;
			productType = "com.apple.product-type.bundle.unit-test";
		};
/* End PBXNativeTarget section */

/* Begin PBXProject section */
		B5DC86A01C0ED06700972D0A /* Project object */ = {
			isa = PBXProject;
			attributes = {
				LastSwiftUpdateCheck = 0710;
				LastUpgradeCheck = 0710;
				ORGANIZATIONNAME = "Goktug Yilmaz";
				TargetAttributes = {
					B5DC86A81C0ED06700972D0A = {
						CreatedOnToolsVersion = 7.1;
					};
					B5DC86B21C0ED06700972D0A = {
						CreatedOnToolsVersion = 7.1;
					};
				};
			};
			buildConfigurationList = B5DC86A31C0ED06700972D0A /* Build configuration list for PBXProject "EZSwiftExtensions" */;
			compatibilityVersion = "Xcode 3.2";
			developmentRegion = English;
			hasScannedForEncodings = 0;
			knownRegions = (
				en,
			);
			mainGroup = B5DC869F1C0ED06700972D0A;
			productRefGroup = B5DC86AA1C0ED06700972D0A /* Products */;
			projectDirPath = "";
			projectRoot = "";
			targets = (
				B5DC86A81C0ED06700972D0A /* EZSwiftExtensions-iOS */,
				B5DC86B21C0ED06700972D0A /* EZSwiftExtensionsTests-iOS */,
			);
		};
/* End PBXProject section */

/* Begin PBXResourcesBuildPhase section */
		B5DC86A71C0ED06700972D0A /* Resources */ = {
			isa = PBXResourcesBuildPhase;
			buildActionMask = 2147483647;
			files = (
			);
			runOnlyForDeploymentPostprocessing = 0;
		};
		B5DC86B11C0ED06700972D0A /* Resources */ = {
			isa = PBXResourcesBuildPhase;
			buildActionMask = 2147483647;
			files = (
			);
			runOnlyForDeploymentPostprocessing = 0;
		};
/* End PBXResourcesBuildPhase section */

/* Begin PBXSourcesBuildPhase section */
		B5DC86A41C0ED06700972D0A /* Sources */ = {
			isa = PBXSourcesBuildPhase;
			buildActionMask = 2147483647;
			files = (
				31F868DB1C2B6E5E00542250 /* DoubleExtensions.swift in Sources */,
				B5DC871C1C0ED34300972D0A /* ArrayExtensions.swift in Sources */,
				B5DC871D1C0ED34300972D0A /* BlockButton.swift in Sources */,
				B5DC871E1C0ED34300972D0A /* BlockLongPress.swift in Sources */,
				B5DC871F1C0ED34300972D0A /* BlockPan.swift in Sources */,
				B5DC87201C0ED34300972D0A /* BlockPinch.swift in Sources */,
				B5DC87211C0ED34300972D0A /* BlockSwipe.swift in Sources */,
				B5DC87221C0ED34300972D0A /* BlockTap.swift in Sources */,
				C85840EB1C43B02C00595696 /* NSURLExtensions.swift in Sources */,
				B5DC87231C0ED34300972D0A /* BlockWebView.swift in Sources */,
				B5DC87241C0ED34300972D0A /* BoolExtentions.swift in Sources */,
				B5DC87251C0ED34300972D0A /* CGFloatExtensions.swift in Sources */,
				E17878121C86520100BC05AA /* NSTimerExtensions.swift in Sources */,
				B5DC87261C0ED34300972D0A /* CGRectExtensions.swift in Sources */,
				B5DC87271C0ED34300972D0A /* DictionaryExtensions.swift in Sources */,
				B5DC87281C0ED34300972D0A /* EZSwiftExtensions.swift in Sources */,
				B5DC87291C0ED34300972D0A /* IntExtentions.swift in Sources */,
				B5DC872A1C0ED34300972D0A /* NSDateExtensions.swift in Sources */,
				E17878101C8651EB00BC05AA /* NSAttributedStringExtensions.swift in Sources */,
				B5DC872B1C0ED34300972D0A /* NSObjectExtentions.swift in Sources */,
				B5DC872C1C0ED34300972D0A /* NSUserDefaultsExtension.swift in Sources */,
				B5DC872D1C0ED34300972D0A /* StringExtensions.swift in Sources */,
				B5DC872E1C0ED34300972D0A /* UIButtonExtensions.swift in Sources */,
				B5DC872F1C0ED34300972D0A /* UIColoredView.swift in Sources */,
				B5DC87301C0ED34300972D0A /* UIColorExtensions.swift in Sources */,
				B5DC87311C0ED34300972D0A /* UIDeviceExtensions.swift in Sources */,
				B5DC87321C0ED34300972D0A /* UIFontExtensions.swift in Sources */,
				B5DC87331C0ED34300972D0A /* UIImageExtensions.swift in Sources */,
				B5DC87341C0ED34300972D0A /* UIImageViewExtensions.swift in Sources */,
				B5DC87351C0ED34300972D0A /* UILabelExtensions.swift in Sources */,
				B5DC87361C0ED34300972D0A /* UITextViewExtensions.swift in Sources */,
				B5DC87371C0ED34300972D0A /* UIViewControllerExtensions.swift in Sources */,
				B5DC87381C0ED34300972D0A /* UIViewExtensions.swift in Sources */,
			);
			runOnlyForDeploymentPostprocessing = 0;
		};
		B5DC86AF1C0ED06700972D0A /* Sources */ = {
			isa = PBXSourcesBuildPhase;
			buildActionMask = 2147483647;
			files = (
				7605D3161C81FC180046FAC3 /* EZSwiftExtensionsTestsDictionary.swift in Sources */,
				7605D3141C81FC180046FAC3 /* EZSwiftExtensionsTestsBool.swift in Sources */,
				7605D3131C81FC180046FAC3 /* EZSwiftExtensionsTestsBlockButton.swift in Sources */,
				7605D3121C81FC180046FAC3 /* EZSwiftExtensionsTestsArray.swift in Sources */,
				7605D3171C81FC180046FAC3 /* EZSwiftExtensionsTestsInt.swift in Sources */,
				B5DC86B91C0ED06700972D0A /* EZSwiftExtensionsTests.swift in Sources */,
				7605D3191C81FC180046FAC3 /* EZSwiftExtensionsTestsString.swift in Sources */,
				7605D3151C81FC180046FAC3 /* EZSwiftExtensionsTestsCGFloat.swift in Sources */,
				7605D3181C81FC180046FAC3 /* EZSwiftExtensionsTestsNSDate.swift in Sources */,
			);
			runOnlyForDeploymentPostprocessing = 0;
		};
/* End PBXSourcesBuildPhase section */

/* Begin PBXTargetDependency section */
		B5DC86B61C0ED06700972D0A /* PBXTargetDependency */ = {
			isa = PBXTargetDependency;
			target = B5DC86A81C0ED06700972D0A /* EZSwiftExtensions-iOS */;
			targetProxy = B5DC86B51C0ED06700972D0A /* PBXContainerItemProxy */;
		};
/* End PBXTargetDependency section */

/* Begin XCBuildConfiguration section */
		B5DC86BB1C0ED06700972D0A /* Debug */ = {
			isa = XCBuildConfiguration;
			buildSettings = {
				ALWAYS_SEARCH_USER_PATHS = NO;
				CLANG_CXX_LANGUAGE_STANDARD = "gnu++0x";
				CLANG_CXX_LIBRARY = "libc++";
				CLANG_ENABLE_MODULES = YES;
				CLANG_ENABLE_OBJC_ARC = YES;
				CLANG_WARN_BOOL_CONVERSION = YES;
				CLANG_WARN_CONSTANT_CONVERSION = YES;
				CLANG_WARN_DIRECT_OBJC_ISA_USAGE = YES_ERROR;
				CLANG_WARN_EMPTY_BODY = YES;
				CLANG_WARN_ENUM_CONVERSION = YES;
				CLANG_WARN_INT_CONVERSION = YES;
				CLANG_WARN_OBJC_ROOT_CLASS = YES_ERROR;
				CLANG_WARN_UNREACHABLE_CODE = YES;
				CLANG_WARN__DUPLICATE_METHOD_MATCH = YES;
				"CODE_SIGN_IDENTITY[sdk=iphoneos*]" = "iPhone Developer";
				COPY_PHASE_STRIP = NO;
				CURRENT_PROJECT_VERSION = 1;
				DEBUG_INFORMATION_FORMAT = dwarf;
				ENABLE_STRICT_OBJC_MSGSEND = YES;
				ENABLE_TESTABILITY = YES;
				GCC_C_LANGUAGE_STANDARD = gnu99;
				GCC_DYNAMIC_NO_PIC = NO;
				GCC_NO_COMMON_BLOCKS = YES;
				GCC_OPTIMIZATION_LEVEL = 0;
				GCC_PREPROCESSOR_DEFINITIONS = (
					"DEBUG=1",
					"$(inherited)",
				);
				GCC_WARN_64_TO_32_BIT_CONVERSION = YES;
				GCC_WARN_ABOUT_RETURN_TYPE = YES_ERROR;
				GCC_WARN_UNDECLARED_SELECTOR = YES;
				GCC_WARN_UNINITIALIZED_AUTOS = YES_AGGRESSIVE;
				GCC_WARN_UNUSED_FUNCTION = YES;
				GCC_WARN_UNUSED_VARIABLE = YES;
				IPHONEOS_DEPLOYMENT_TARGET = 9.0;
				MTL_ENABLE_DEBUG_INFO = YES;
				ONLY_ACTIVE_ARCH = YES;
				SDKROOT = iphoneos;
				SWIFT_OPTIMIZATION_LEVEL = "-Onone";
				TARGETED_DEVICE_FAMILY = "1,2";
				VERSIONING_SYSTEM = "apple-generic";
				VERSION_INFO_PREFIX = "";
			};
			name = Debug;
		};
		B5DC86BC1C0ED06700972D0A /* Release */ = {
			isa = XCBuildConfiguration;
			buildSettings = {
				ALWAYS_SEARCH_USER_PATHS = NO;
				CLANG_CXX_LANGUAGE_STANDARD = "gnu++0x";
				CLANG_CXX_LIBRARY = "libc++";
				CLANG_ENABLE_MODULES = YES;
				CLANG_ENABLE_OBJC_ARC = YES;
				CLANG_WARN_BOOL_CONVERSION = YES;
				CLANG_WARN_CONSTANT_CONVERSION = YES;
				CLANG_WARN_DIRECT_OBJC_ISA_USAGE = YES_ERROR;
				CLANG_WARN_EMPTY_BODY = YES;
				CLANG_WARN_ENUM_CONVERSION = YES;
				CLANG_WARN_INT_CONVERSION = YES;
				CLANG_WARN_OBJC_ROOT_CLASS = YES_ERROR;
				CLANG_WARN_UNREACHABLE_CODE = YES;
				CLANG_WARN__DUPLICATE_METHOD_MATCH = YES;
				"CODE_SIGN_IDENTITY[sdk=iphoneos*]" = "iPhone Developer";
				COPY_PHASE_STRIP = NO;
				CURRENT_PROJECT_VERSION = 1;
				DEBUG_INFORMATION_FORMAT = "dwarf-with-dsym";
				ENABLE_NS_ASSERTIONS = NO;
				ENABLE_STRICT_OBJC_MSGSEND = YES;
				GCC_C_LANGUAGE_STANDARD = gnu99;
				GCC_NO_COMMON_BLOCKS = YES;
				GCC_WARN_64_TO_32_BIT_CONVERSION = YES;
				GCC_WARN_ABOUT_RETURN_TYPE = YES_ERROR;
				GCC_WARN_UNDECLARED_SELECTOR = YES;
				GCC_WARN_UNINITIALIZED_AUTOS = YES_AGGRESSIVE;
				GCC_WARN_UNUSED_FUNCTION = YES;
				GCC_WARN_UNUSED_VARIABLE = YES;
				IPHONEOS_DEPLOYMENT_TARGET = 9.0;
				MTL_ENABLE_DEBUG_INFO = NO;
				SDKROOT = iphoneos;
				TARGETED_DEVICE_FAMILY = "1,2";
				VALIDATE_PRODUCT = YES;
				VERSIONING_SYSTEM = "apple-generic";
				VERSION_INFO_PREFIX = "";
			};
			name = Release;
		};
		B5DC86BE1C0ED06700972D0A /* Debug */ = {
			isa = XCBuildConfiguration;
			buildSettings = {
				DEFINES_MODULE = YES;
				DYLIB_COMPATIBILITY_VERSION = 1;
				DYLIB_CURRENT_VERSION = 1.0.2;
				DYLIB_INSTALL_NAME_BASE = "@rpath";
				INFOPLIST_FILE = EZSwiftExtensions/Info.plist;
				INSTALL_PATH = "$(LOCAL_LIBRARY_DIR)/Frameworks";
				LD_RUNPATH_SEARCH_PATHS = "$(inherited) @executable_path/Frameworks @loader_path/Frameworks";
				PRODUCT_BUNDLE_IDENTIFIER = com.gbf.EZSwiftExtensions.EZSwiftExtensions;
				PRODUCT_NAME = EZSwiftExtensions;
				SKIP_INSTALL = YES;
			};
			name = Debug;
		};
		B5DC86BF1C0ED06700972D0A /* Release */ = {
			isa = XCBuildConfiguration;
			buildSettings = {
				DEFINES_MODULE = YES;
				DYLIB_COMPATIBILITY_VERSION = 1;
				DYLIB_CURRENT_VERSION = 1.0.2;
				DYLIB_INSTALL_NAME_BASE = "@rpath";
				INFOPLIST_FILE = EZSwiftExtensions/Info.plist;
				INSTALL_PATH = "$(LOCAL_LIBRARY_DIR)/Frameworks";
				LD_RUNPATH_SEARCH_PATHS = "$(inherited) @executable_path/Frameworks @loader_path/Frameworks";
				PRODUCT_BUNDLE_IDENTIFIER = com.gbf.EZSwiftExtensions.EZSwiftExtensions;
				PRODUCT_NAME = EZSwiftExtensions;
				SKIP_INSTALL = YES;
			};
			name = Release;
		};
		B5DC86C11C0ED06700972D0A /* Debug */ = {
			isa = XCBuildConfiguration;
			buildSettings = {
				INFOPLIST_FILE = EZSwiftExtensionsTests/Info.plist;
				LD_RUNPATH_SEARCH_PATHS = "$(inherited) @executable_path/Frameworks @loader_path/Frameworks";
				PRODUCT_BUNDLE_IDENTIFIER = com.gbf.EZSwiftExtensions.EZSwiftExtensionsTests;
				PRODUCT_NAME = EZSwiftExtensionsTest;
			};
			name = Debug;
		};
		B5DC86C21C0ED06700972D0A /* Release */ = {
			isa = XCBuildConfiguration;
			buildSettings = {
				INFOPLIST_FILE = EZSwiftExtensionsTests/Info.plist;
				LD_RUNPATH_SEARCH_PATHS = "$(inherited) @executable_path/Frameworks @loader_path/Frameworks";
				PRODUCT_BUNDLE_IDENTIFIER = com.gbf.EZSwiftExtensions.EZSwiftExtensionsTests;
				PRODUCT_NAME = EZSwiftExtensionsTest;
			};
			name = Release;
		};
/* End XCBuildConfiguration section */

/* Begin XCConfigurationList section */
		B5DC86A31C0ED06700972D0A /* Build configuration list for PBXProject "EZSwiftExtensions" */ = {
			isa = XCConfigurationList;
			buildConfigurations = (
				B5DC86BB1C0ED06700972D0A /* Debug */,
				B5DC86BC1C0ED06700972D0A /* Release */,
			);
			defaultConfigurationIsVisible = 0;
			defaultConfigurationName = Release;
		};
		B5DC86BD1C0ED06700972D0A /* Build configuration list for PBXNativeTarget "EZSwiftExtensions-iOS" */ = {
			isa = XCConfigurationList;
			buildConfigurations = (
				B5DC86BE1C0ED06700972D0A /* Debug */,
				B5DC86BF1C0ED06700972D0A /* Release */,
			);
			defaultConfigurationIsVisible = 0;
			defaultConfigurationName = Release;
		};
		B5DC86C01C0ED06700972D0A /* Build configuration list for PBXNativeTarget "EZSwiftExtensionsTests-iOS" */ = {
			isa = XCConfigurationList;
			buildConfigurations = (
				B5DC86C11C0ED06700972D0A /* Debug */,
				B5DC86C21C0ED06700972D0A /* Release */,
			);
			defaultConfigurationIsVisible = 0;
			defaultConfigurationName = Release;
		};
/* End XCConfigurationList section */
	};
	rootObject = B5DC86A01C0ED06700972D0A /* Project object */;
}
