// !$*UTF8*$!
{
	archiveVersion = 1;
	classes = {
	};
	objectVersion = 46;
	objects = {

/* Begin PBXBuildFile section */
		E1839DB91BF79335002212C6 /* AppDelegate.swift in Sources */ = {isa = PBXBuildFile; fileRef = E1839DB81BF79335002212C6 /* AppDelegate.swift */; };
		E1839DBB1BF79335002212C6 /* ViewController.swift in Sources */ = {isa = PBXBuildFile; fileRef = E1839DBA1BF79335002212C6 /* ViewController.swift */; };
		E1839DBE1BF79335002212C6 /* Main.storyboard in Resources */ = {isa = PBXBuildFile; fileRef = E1839DBC1BF79335002212C6 /* Main.storyboard */; };
		E1839DC01BF79335002212C6 /* Assets.xcassets in Resources */ = {isa = PBXBuildFile; fileRef = E1839DBF1BF79335002212C6 /* Assets.xcassets */; };
		E1839DC31BF79335002212C6 /* LaunchScreen.storyboard in Resources */ = {isa = PBXBuildFile; fileRef = E1839DC11BF79335002212C6 /* LaunchScreen.storyboard */; };
		E1839DE61BF79359002212C6 /* EZSwiftExtensions.swift in Sources */ = {isa = PBXBuildFile; fileRef = E1839DCA1BF79359002212C6 /* EZSwiftExtensions.swift */; settings = {ASSET_TAGS = (); }; };
		E1839DE71BF79359002212C6 /* NSObjectExtentions.swift in Sources */ = {isa = PBXBuildFile; fileRef = E1839DCB1BF79359002212C6 /* NSObjectExtentions.swift */; settings = {ASSET_TAGS = (); }; };
		E1839DE81BF79359002212C6 /* BoolExtentions.swift in Sources */ = {isa = PBXBuildFile; fileRef = E1839DCC1BF79359002212C6 /* BoolExtentions.swift */; settings = {ASSET_TAGS = (); }; };
		E1839DE91BF79359002212C6 /* IntExtentions.swift in Sources */ = {isa = PBXBuildFile; fileRef = E1839DCD1BF79359002212C6 /* IntExtentions.swift */; settings = {ASSET_TAGS = (); }; };
		E1839DEA1BF79359002212C6 /* StringExtensions.swift in Sources */ = {isa = PBXBuildFile; fileRef = E1839DCE1BF79359002212C6 /* StringExtensions.swift */; settings = {ASSET_TAGS = (); }; };
		E1839DEB1BF79359002212C6 /* ArrayExtensions.swift in Sources */ = {isa = PBXBuildFile; fileRef = E1839DCF1BF79359002212C6 /* ArrayExtensions.swift */; settings = {ASSET_TAGS = (); }; };
		E1839DEC1BF79359002212C6 /* DictionaryExtensions.swift in Sources */ = {isa = PBXBuildFile; fileRef = E1839DD01BF79359002212C6 /* DictionaryExtensions.swift */; settings = {ASSET_TAGS = (); }; };
		E1839DED1BF79359002212C6 /* NSDateExtensions.swift in Sources */ = {isa = PBXBuildFile; fileRef = E1839DD11BF79359002212C6 /* NSDateExtensions.swift */; settings = {ASSET_TAGS = (); }; };
		E1839DEE1BF79359002212C6 /* CGRectExtensions.swift in Sources */ = {isa = PBXBuildFile; fileRef = E1839DD21BF79359002212C6 /* CGRectExtensions.swift */; settings = {ASSET_TAGS = (); }; };
		E1839DEF1BF79359002212C6 /* CGFloatExtensions.swift in Sources */ = {isa = PBXBuildFile; fileRef = E1839DD31BF79359002212C6 /* CGFloatExtensions.swift */; settings = {ASSET_TAGS = (); }; };
		E1839DF01BF79359002212C6 /* UIViewControllerExtensions.swift in Sources */ = {isa = PBXBuildFile; fileRef = E1839DD41BF79359002212C6 /* UIViewControllerExtensions.swift */; settings = {ASSET_TAGS = (); }; };
		E1839DF11BF79359002212C6 /* UIViewExtensions.swift in Sources */ = {isa = PBXBuildFile; fileRef = E1839DD51BF79359002212C6 /* UIViewExtensions.swift */; settings = {ASSET_TAGS = (); }; };
		E1839DF21BF79359002212C6 /* UITextViewExtensions.swift in Sources */ = {isa = PBXBuildFile; fileRef = E1839DD61BF79359002212C6 /* UITextViewExtensions.swift */; settings = {ASSET_TAGS = (); }; };
		E1839DF31BF79359002212C6 /* UILabelExtensions.swift in Sources */ = {isa = PBXBuildFile; fileRef = E1839DD71BF79359002212C6 /* UILabelExtensions.swift */; settings = {ASSET_TAGS = (); }; };
		E1839DF41BF79359002212C6 /* UIImageViewExtensions.swift in Sources */ = {isa = PBXBuildFile; fileRef = E1839DD81BF79359002212C6 /* UIImageViewExtensions.swift */; settings = {ASSET_TAGS = (); }; };
		E1839DF51BF79359002212C6 /* UIImageExtensions.swift in Sources */ = {isa = PBXBuildFile; fileRef = E1839DD91BF79359002212C6 /* UIImageExtensions.swift */; settings = {ASSET_TAGS = (); }; };
		E1839DF61BF79359002212C6 /* UIColorExtensions.swift in Sources */ = {isa = PBXBuildFile; fileRef = E1839DDA1BF79359002212C6 /* UIColorExtensions.swift */; settings = {ASSET_TAGS = (); }; };
		E1839DF71BF79359002212C6 /* UIFontExtensions.swift in Sources */ = {isa = PBXBuildFile; fileRef = E1839DDB1BF79359002212C6 /* UIFontExtensions.swift */; settings = {ASSET_TAGS = (); }; };
		E1839DF81BF79359002212C6 /* UIButtonExtensions.swift in Sources */ = {isa = PBXBuildFile; fileRef = E1839DDC1BF79359002212C6 /* UIButtonExtensions.swift */; settings = {ASSET_TAGS = (); }; };
		E1839DF91BF79359002212C6 /* UIDeviceExtensions.swift in Sources */ = {isa = PBXBuildFile; fileRef = E1839DDD1BF79359002212C6 /* UIDeviceExtensions.swift */; settings = {ASSET_TAGS = (); }; };
		E1839DFA1BF79359002212C6 /* UIColoredView.swift in Sources */ = {isa = PBXBuildFile; fileRef = E1839DDE1BF79359002212C6 /* UIColoredView.swift */; settings = {ASSET_TAGS = (); }; };
		E1839DFB1BF79359002212C6 /* BlockButton.swift in Sources */ = {isa = PBXBuildFile; fileRef = E1839DDF1BF79359002212C6 /* BlockButton.swift */; settings = {ASSET_TAGS = (); }; };
		E1839DFC1BF79359002212C6 /* BlockLongPress.swift in Sources */ = {isa = PBXBuildFile; fileRef = E1839DE01BF79359002212C6 /* BlockLongPress.swift */; settings = {ASSET_TAGS = (); }; };
		E1839DFD1BF79359002212C6 /* BlockPan.swift in Sources */ = {isa = PBXBuildFile; fileRef = E1839DE11BF79359002212C6 /* BlockPan.swift */; settings = {ASSET_TAGS = (); }; };
		E1839DFE1BF79359002212C6 /* BlockPinch.swift in Sources */ = {isa = PBXBuildFile; fileRef = E1839DE21BF79359002212C6 /* BlockPinch.swift */; settings = {ASSET_TAGS = (); }; };
		E1839DFF1BF79359002212C6 /* BlockSwipe.swift in Sources */ = {isa = PBXBuildFile; fileRef = E1839DE31BF79359002212C6 /* BlockSwipe.swift */; settings = {ASSET_TAGS = (); }; };
		E1839E001BF79359002212C6 /* BlockTap.swift in Sources */ = {isa = PBXBuildFile; fileRef = E1839DE41BF79359002212C6 /* BlockTap.swift */; settings = {ASSET_TAGS = (); }; };
		E1839E011BF79359002212C6 /* BlockWebView.swift in Sources */ = {isa = PBXBuildFile; fileRef = E1839DE51BF79359002212C6 /* BlockWebView.swift */; settings = {ASSET_TAGS = (); }; };
/* End PBXBuildFile section */

/* Begin PBXFileReference section */
		E1839DB51BF79335002212C6 /* EZSwiftExtensions.app */ = {isa = PBXFileReference; explicitFileType = wrapper.application; includeInIndex = 0; path = EZSwiftExtensions.app; sourceTree = BUILT_PRODUCTS_DIR; };
		E1839DB81BF79335002212C6 /* AppDelegate.swift */ = {isa = PBXFileReference; lastKnownFileType = sourcecode.swift; path = AppDelegate.swift; sourceTree = "<group>"; };
		E1839DBA1BF79335002212C6 /* ViewController.swift */ = {isa = PBXFileReference; lastKnownFileType = sourcecode.swift; path = ViewController.swift; sourceTree = "<group>"; };
		E1839DBD1BF79335002212C6 /* Base */ = {isa = PBXFileReference; lastKnownFileType = file.storyboard; name = Base; path = Base.lproj/Main.storyboard; sourceTree = "<group>"; };
		E1839DBF1BF79335002212C6 /* Assets.xcassets */ = {isa = PBXFileReference; lastKnownFileType = folder.assetcatalog; path = Assets.xcassets; sourceTree = "<group>"; };
		E1839DC21BF79335002212C6 /* Base */ = {isa = PBXFileReference; lastKnownFileType = file.storyboard; name = Base; path = Base.lproj/LaunchScreen.storyboard; sourceTree = "<group>"; };
		E1839DC41BF79335002212C6 /* Info.plist */ = {isa = PBXFileReference; lastKnownFileType = text.plist.xml; path = Info.plist; sourceTree = "<group>"; };
		E1839DCA1BF79359002212C6 /* EZSwiftExtensions.swift */ = {isa = PBXFileReference; fileEncoding = 4; lastKnownFileType = sourcecode.swift; path = EZSwiftExtensions.swift; sourceTree = "<group>"; };
		E1839DCB1BF79359002212C6 /* NSObjectExtentions.swift */ = {isa = PBXFileReference; fileEncoding = 4; lastKnownFileType = sourcecode.swift; path = NSObjectExtentions.swift; sourceTree = "<group>"; };
		E1839DCC1BF79359002212C6 /* BoolExtentions.swift */ = {isa = PBXFileReference; fileEncoding = 4; lastKnownFileType = sourcecode.swift; path = BoolExtentions.swift; sourceTree = "<group>"; };
		E1839DCD1BF79359002212C6 /* IntExtentions.swift */ = {isa = PBXFileReference; fileEncoding = 4; lastKnownFileType = sourcecode.swift; path = IntExtentions.swift; sourceTree = "<group>"; };
		E1839DCE1BF79359002212C6 /* StringExtensions.swift */ = {isa = PBXFileReference; fileEncoding = 4; lastKnownFileType = sourcecode.swift; path = StringExtensions.swift; sourceTree = "<group>"; };
		E1839DCF1BF79359002212C6 /* ArrayExtensions.swift */ = {isa = PBXFileReference; fileEncoding = 4; lastKnownFileType = sourcecode.swift; path = ArrayExtensions.swift; sourceTree = "<group>"; };
		E1839DD01BF79359002212C6 /* DictionaryExtensions.swift */ = {isa = PBXFileReference; fileEncoding = 4; lastKnownFileType = sourcecode.swift; path = DictionaryExtensions.swift; sourceTree = "<group>"; };
		E1839DD11BF79359002212C6 /* NSDateExtensions.swift */ = {isa = PBXFileReference; fileEncoding = 4; lastKnownFileType = sourcecode.swift; path = NSDateExtensions.swift; sourceTree = "<group>"; };
		E1839DD21BF79359002212C6 /* CGRectExtensions.swift */ = {isa = PBXFileReference; fileEncoding = 4; lastKnownFileType = sourcecode.swift; path = CGRectExtensions.swift; sourceTree = "<group>"; };
		E1839DD31BF79359002212C6 /* CGFloatExtensions.swift */ = {isa = PBXFileReference; fileEncoding = 4; lastKnownFileType = sourcecode.swift; path = CGFloatExtensions.swift; sourceTree = "<group>"; };
		E1839DD41BF79359002212C6 /* UIViewControllerExtensions.swift */ = {isa = PBXFileReference; fileEncoding = 4; lastKnownFileType = sourcecode.swift; path = UIViewControllerExtensions.swift; sourceTree = "<group>"; };
		E1839DD51BF79359002212C6 /* UIViewExtensions.swift */ = {isa = PBXFileReference; fileEncoding = 4; lastKnownFileType = sourcecode.swift; path = UIViewExtensions.swift; sourceTree = "<group>"; };
		E1839DD61BF79359002212C6 /* UITextViewExtensions.swift */ = {isa = PBXFileReference; fileEncoding = 4; lastKnownFileType = sourcecode.swift; path = UITextViewExtensions.swift; sourceTree = "<group>"; };
		E1839DD71BF79359002212C6 /* UILabelExtensions.swift */ = {isa = PBXFileReference; fileEncoding = 4; lastKnownFileType = sourcecode.swift; path = UILabelExtensions.swift; sourceTree = "<group>"; };
		E1839DD81BF79359002212C6 /* UIImageViewExtensions.swift */ = {isa = PBXFileReference; fileEncoding = 4; lastKnownFileType = sourcecode.swift; path = UIImageViewExtensions.swift; sourceTree = "<group>"; };
		E1839DD91BF79359002212C6 /* UIImageExtensions.swift */ = {isa = PBXFileReference; fileEncoding = 4; lastKnownFileType = sourcecode.swift; path = UIImageExtensions.swift; sourceTree = "<group>"; };
		E1839DDA1BF79359002212C6 /* UIColorExtensions.swift */ = {isa = PBXFileReference; fileEncoding = 4; lastKnownFileType = sourcecode.swift; path = UIColorExtensions.swift; sourceTree = "<group>"; };
		E1839DDB1BF79359002212C6 /* UIFontExtensions.swift */ = {isa = PBXFileReference; fileEncoding = 4; lastKnownFileType = sourcecode.swift; path = UIFontExtensions.swift; sourceTree = "<group>"; };
		E1839DDC1BF79359002212C6 /* UIButtonExtensions.swift */ = {isa = PBXFileReference; fileEncoding = 4; lastKnownFileType = sourcecode.swift; path = UIButtonExtensions.swift; sourceTree = "<group>"; };
		E1839DDD1BF79359002212C6 /* UIDeviceExtensions.swift */ = {isa = PBXFileReference; fileEncoding = 4; lastKnownFileType = sourcecode.swift; path = UIDeviceExtensions.swift; sourceTree = "<group>"; };
		E1839DDE1BF79359002212C6 /* UIColoredView.swift */ = {isa = PBXFileReference; fileEncoding = 4; lastKnownFileType = sourcecode.swift; path = UIColoredView.swift; sourceTree = "<group>"; };
		E1839DDF1BF79359002212C6 /* BlockButton.swift */ = {isa = PBXFileReference; fileEncoding = 4; lastKnownFileType = sourcecode.swift; path = BlockButton.swift; sourceTree = "<group>"; };
		E1839DE01BF79359002212C6 /* BlockLongPress.swift */ = {isa = PBXFileReference; fileEncoding = 4; lastKnownFileType = sourcecode.swift; path = BlockLongPress.swift; sourceTree = "<group>"; };
		E1839DE11BF79359002212C6 /* BlockPan.swift */ = {isa = PBXFileReference; fileEncoding = 4; lastKnownFileType = sourcecode.swift; path = BlockPan.swift; sourceTree = "<group>"; };
		E1839DE21BF79359002212C6 /* BlockPinch.swift */ = {isa = PBXFileReference; fileEncoding = 4; lastKnownFileType = sourcecode.swift; path = BlockPinch.swift; sourceTree = "<group>"; };
		E1839DE31BF79359002212C6 /* BlockSwipe.swift */ = {isa = PBXFileReference; fileEncoding = 4; lastKnownFileType = sourcecode.swift; path = BlockSwipe.swift; sourceTree = "<group>"; };
		E1839DE41BF79359002212C6 /* BlockTap.swift */ = {isa = PBXFileReference; fileEncoding = 4; lastKnownFileType = sourcecode.swift; path = BlockTap.swift; sourceTree = "<group>"; };
		E1839DE51BF79359002212C6 /* BlockWebView.swift */ = {isa = PBXFileReference; fileEncoding = 4; lastKnownFileType = sourcecode.swift; path = BlockWebView.swift; sourceTree = "<group>"; };
/* End PBXFileReference section */

/* Begin PBXFrameworksBuildPhase section */
		E1839DB21BF79335002212C6 /* Frameworks */ = {
			isa = PBXFrameworksBuildPhase;
			buildActionMask = 2147483647;
			files = (
			);
			runOnlyForDeploymentPostprocessing = 0;
		};
/* End PBXFrameworksBuildPhase section */

/* Begin PBXGroup section */
		E1839DAC1BF79335002212C6 = {
			isa = PBXGroup;
			children = (
				E1839DB71BF79335002212C6 /* EZSwiftExtensions */,
				E1839DB61BF79335002212C6 /* Products */,
			);
			sourceTree = "<group>";
		};
		E1839DB61BF79335002212C6 /* Products */ = {
			isa = PBXGroup;
			children = (
				E1839DB51BF79335002212C6 /* EZSwiftExtensions.app */,
			);
			name = Products;
			sourceTree = "<group>";
		};
		E1839DB71BF79335002212C6 /* EZSwiftExtensions */ = {
			isa = PBXGroup;
			children = (
				E1839DCA1BF79359002212C6 /* EZSwiftExtensions.swift */,
				E1839DCB1BF79359002212C6 /* NSObjectExtentions.swift */,
				E1839DCC1BF79359002212C6 /* BoolExtentions.swift */,
				E1839DCD1BF79359002212C6 /* IntExtentions.swift */,
				E1839DCE1BF79359002212C6 /* StringExtensions.swift */,
				E1839DCF1BF79359002212C6 /* ArrayExtensions.swift */,
				E1839DD01BF79359002212C6 /* DictionaryExtensions.swift */,
				E1839DD11BF79359002212C6 /* NSDateExtensions.swift */,
				E1839DD21BF79359002212C6 /* CGRectExtensions.swift */,
				E1839DD31BF79359002212C6 /* CGFloatExtensions.swift */,
				E1839DD41BF79359002212C6 /* UIViewControllerExtensions.swift */,
				E1839DD51BF79359002212C6 /* UIViewExtensions.swift */,
				E1839DD61BF79359002212C6 /* UITextViewExtensions.swift */,
				E1839DD71BF79359002212C6 /* UILabelExtensions.swift */,
				E1839DD81BF79359002212C6 /* UIImageViewExtensions.swift */,
				E1839DD91BF79359002212C6 /* UIImageExtensions.swift */,
				E1839DDA1BF79359002212C6 /* UIColorExtensions.swift */,
				E1839DDB1BF79359002212C6 /* UIFontExtensions.swift */,
				E1839DDC1BF79359002212C6 /* UIButtonExtensions.swift */,
				E1839DDD1BF79359002212C6 /* UIDeviceExtensions.swift */,
				E1839DDE1BF79359002212C6 /* UIColoredView.swift */,
				E1839DDF1BF79359002212C6 /* BlockButton.swift */,
				E1839DE01BF79359002212C6 /* BlockLongPress.swift */,
				E1839DE11BF79359002212C6 /* BlockPan.swift */,
				E1839DE21BF79359002212C6 /* BlockPinch.swift */,
				E1839DE31BF79359002212C6 /* BlockSwipe.swift */,
				E1839DE41BF79359002212C6 /* BlockTap.swift */,
				E1839DE51BF79359002212C6 /* BlockWebView.swift */,
				E1839DBC1BF79335002212C6 /* Main.storyboard */,
				E1839DBF1BF79335002212C6 /* Assets.xcassets */,
				E1839DC11BF79335002212C6 /* LaunchScreen.storyboard */,
				E1839DB81BF79335002212C6 /* AppDelegate.swift */,
				E1839DBA1BF79335002212C6 /* ViewController.swift */,
				E1839DC41BF79335002212C6 /* Info.plist */,
			);
			path = EZSwiftExtensions;
			sourceTree = "<group>";
		};
/* End PBXGroup section */

/* Begin PBXNativeTarget section */
		E1839DB41BF79335002212C6 /* EZSwiftExtensions */ = {
			isa = PBXNativeTarget;
			buildConfigurationList = E1839DC71BF79335002212C6 /* Build configuration list for PBXNativeTarget "EZSwiftExtensions" */;
			buildPhases = (
				E1839DB11BF79335002212C6 /* Sources */,
				E1839DB21BF79335002212C6 /* Frameworks */,
				E1839DB31BF79335002212C6 /* Resources */,
			);
			buildRules = (
			);
			dependencies = (
			);
			name = EZSwiftExtensions;
			productName = EZSwiftExtensions;
			productReference = E1839DB51BF79335002212C6 /* EZSwiftExtensions.app */;
			productType = "com.apple.product-type.application";
		};
/* End PBXNativeTarget section */

/* Begin PBXProject section */
		E1839DAD1BF79335002212C6 /* Project object */ = {
			isa = PBXProject;
			attributes = {
				LastUpgradeCheck = 0700;
				ORGANIZATIONNAME = "Goktug Yilmaz";
				TargetAttributes = {
					E1839DB41BF79335002212C6 = {
						CreatedOnToolsVersion = 7.0.1;
					};
				};
			};
			buildConfigurationList = E1839DB01BF79335002212C6 /* Build configuration list for PBXProject "EZSwiftExtensions" */;
			compatibilityVersion = "Xcode 3.2";
			developmentRegion = English;
			hasScannedForEncodings = 0;
			knownRegions = (
				en,
				Base,
			);
			mainGroup = E1839DAC1BF79335002212C6;
			productRefGroup = E1839DB61BF79335002212C6 /* Products */;
			projectDirPath = "";
			projectRoot = "";
			targets = (
				E1839DB41BF79335002212C6 /* EZSwiftExtensions */,
			);
		};
/* End PBXProject section */

/* Begin PBXResourcesBuildPhase section */
		E1839DB31BF79335002212C6 /* Resources */ = {
			isa = PBXResourcesBuildPhase;
			buildActionMask = 2147483647;
			files = (
				E1839DC31BF79335002212C6 /* LaunchScreen.storyboard in Resources */,
				E1839DC01BF79335002212C6 /* Assets.xcassets in Resources */,
				E1839DBE1BF79335002212C6 /* Main.storyboard in Resources */,
			);
			runOnlyForDeploymentPostprocessing = 0;
		};
/* End PBXResourcesBuildPhase section */

/* Begin PBXSourcesBuildPhase section */
		E1839DB11BF79335002212C6 /* Sources */ = {
			isa = PBXSourcesBuildPhase;
			buildActionMask = 2147483647;
			files = (
				E1839DF31BF79359002212C6 /* UILabelExtensions.swift in Sources */,
				E1839DF91BF79359002212C6 /* UIDeviceExtensions.swift in Sources */,
				E1839DE81BF79359002212C6 /* BoolExtentions.swift in Sources */,
				E1839DFC1BF79359002212C6 /* BlockLongPress.swift in Sources */,
				E1839DF71BF79359002212C6 /* UIFontExtensions.swift in Sources */,
				E1839DFD1BF79359002212C6 /* BlockPan.swift in Sources */,
				E1839DE71BF79359002212C6 /* NSObjectExtentions.swift in Sources */,
				E1839DEF1BF79359002212C6 /* CGFloatExtensions.swift in Sources */,
				E1839DF01BF79359002212C6 /* UIViewControllerExtensions.swift in Sources */,
				E1839DF81BF79359002212C6 /* UIButtonExtensions.swift in Sources */,
				E1839E001BF79359002212C6 /* BlockTap.swift in Sources */,
				E1839DFF1BF79359002212C6 /* BlockSwipe.swift in Sources */,
				E1839DEC1BF79359002212C6 /* DictionaryExtensions.swift in Sources */,
				E1839DF61BF79359002212C6 /* UIColorExtensions.swift in Sources */,
				E1839DE91BF79359002212C6 /* IntExtentions.swift in Sources */,
				E1839DFB1BF79359002212C6 /* BlockButton.swift in Sources */,
				E1839DEA1BF79359002212C6 /* StringExtensions.swift in Sources */,
				E1839DEE1BF79359002212C6 /* CGRectExtensions.swift in Sources */,
				E1839DF51BF79359002212C6 /* UIImageExtensions.swift in Sources */,
				E1839DFA1BF79359002212C6 /* UIColoredView.swift in Sources */,
				E1839DF11BF79359002212C6 /* UIViewExtensions.swift in Sources */,
				E1839DFE1BF79359002212C6 /* BlockPinch.swift in Sources */,
				E1839DBB1BF79335002212C6 /* ViewController.swift in Sources */,
				E1839DE61BF79359002212C6 /* EZSwiftExtensions.swift in Sources */,
				E1839DB91BF79335002212C6 /* AppDelegate.swift in Sources */,
				E1839DED1BF79359002212C6 /* NSDateExtensions.swift in Sources */,
				E1839DEB1BF79359002212C6 /* ArrayExtensions.swift in Sources */,
				E1839E011BF79359002212C6 /* BlockWebView.swift in Sources */,
				E1839DF41BF79359002212C6 /* UIImageViewExtensions.swift in Sources */,
				E1839DF21BF79359002212C6 /* UITextViewExtensions.swift in Sources */,
			);
			runOnlyForDeploymentPostprocessing = 0;
		};
/* End PBXSourcesBuildPhase section */

/* Begin PBXVariantGroup section */
		E1839DBC1BF79335002212C6 /* Main.storyboard */ = {
			isa = PBXVariantGroup;
			children = (
				E1839DBD1BF79335002212C6 /* Base */,
			);
			name = Main.storyboard;
			sourceTree = "<group>";
		};
		E1839DC11BF79335002212C6 /* LaunchScreen.storyboard */ = {
			isa = PBXVariantGroup;
			children = (
				E1839DC21BF79335002212C6 /* Base */,
			);
			name = LaunchScreen.storyboard;
			sourceTree = "<group>";
		};
/* End PBXVariantGroup section */

/* Begin XCBuildConfiguration section */
		E1839DC51BF79335002212C6 /* Debug */ = {
			isa = XCBuildConfiguration;
			buildSettings = {
				ALWAYS_SEARCH_USER_PATHS = NO;
				CLANG_CXX_LANGUAGE_STANDARD = "gnu++0x";
				CLANG_CXX_LIBRARY = "libc++";
				CLANG_ENABLE_MODULES = YES;
				CLANG_ENABLE_OBJC_ARC = YES;
				CLANG_WARN_BOOL_CONVERSION = YES;
				CLANG_WARN_CONSTANT_CONVERSION = YES;
				CLANG_WARN_DIRECT_OBJC_ISA_USAGE = YES_ERROR;
				CLANG_WARN_EMPTY_BODY = YES;
				CLANG_WARN_ENUM_CONVERSION = YES;
				CLANG_WARN_INT_CONVERSION = YES;
				CLANG_WARN_OBJC_ROOT_CLASS = YES_ERROR;
				CLANG_WARN_UNREACHABLE_CODE = YES;
				CLANG_WARN__DUPLICATE_METHOD_MATCH = YES;
				"CODE_SIGN_IDENTITY[sdk=iphoneos*]" = "iPhone Developer";
				COPY_PHASE_STRIP = NO;
				DEBUG_INFORMATION_FORMAT = dwarf;
				ENABLE_STRICT_OBJC_MSGSEND = YES;
				ENABLE_TESTABILITY = YES;
				GCC_C_LANGUAGE_STANDARD = gnu99;
				GCC_DYNAMIC_NO_PIC = NO;
				GCC_NO_COMMON_BLOCKS = YES;
				GCC_OPTIMIZATION_LEVEL = 0;
				GCC_PREPROCESSOR_DEFINITIONS = (
					"DEBUG=1",
					"$(inherited)",
				);
				GCC_WARN_64_TO_32_BIT_CONVERSION = YES;
				GCC_WARN_ABOUT_RETURN_TYPE = YES_ERROR;
				GCC_WARN_UNDECLARED_SELECTOR = YES;
				GCC_WARN_UNINITIALIZED_AUTOS = YES_AGGRESSIVE;
				GCC_WARN_UNUSED_FUNCTION = YES;
				GCC_WARN_UNUSED_VARIABLE = YES;
				IPHONEOS_DEPLOYMENT_TARGET = 9.0;
				MTL_ENABLE_DEBUG_INFO = YES;
				ONLY_ACTIVE_ARCH = YES;
				SDKROOT = iphoneos;
				SWIFT_OPTIMIZATION_LEVEL = "-Onone";
				TARGETED_DEVICE_FAMILY = "1,2";
			};
			name = Debug;
		};
		E1839DC61BF79335002212C6 /* Release */ = {
			isa = XCBuildConfiguration;
			buildSettings = {
				ALWAYS_SEARCH_USER_PATHS = NO;
				CLANG_CXX_LANGUAGE_STANDARD = "gnu++0x";
				CLANG_CXX_LIBRARY = "libc++";
				CLANG_ENABLE_MODULES = YES;
				CLANG_ENABLE_OBJC_ARC = YES;
				CLANG_WARN_BOOL_CONVERSION = YES;
				CLANG_WARN_CONSTANT_CONVERSION = YES;
				CLANG_WARN_DIRECT_OBJC_ISA_USAGE = YES_ERROR;
				CLANG_WARN_EMPTY_BODY = YES;
				CLANG_WARN_ENUM_CONVERSION = YES;
				CLANG_WARN_INT_CONVERSION = YES;
				CLANG_WARN_OBJC_ROOT_CLASS = YES_ERROR;
				CLANG_WARN_UNREACHABLE_CODE = YES;
				CLANG_WARN__DUPLICATE_METHOD_MATCH = YES;
				"CODE_SIGN_IDENTITY[sdk=iphoneos*]" = "iPhone Developer";
				COPY_PHASE_STRIP = NO;
				DEBUG_INFORMATION_FORMAT = "dwarf-with-dsym";
				ENABLE_NS_ASSERTIONS = NO;
				ENABLE_STRICT_OBJC_MSGSEND = YES;
				GCC_C_LANGUAGE_STANDARD = gnu99;
				GCC_NO_COMMON_BLOCKS = YES;
				GCC_WARN_64_TO_32_BIT_CONVERSION = YES;
				GCC_WARN_ABOUT_RETURN_TYPE = YES_ERROR;
				GCC_WARN_UNDECLARED_SELECTOR = YES;
				GCC_WARN_UNINITIALIZED_AUTOS = YES_AGGRESSIVE;
				GCC_WARN_UNUSED_FUNCTION = YES;
				GCC_WARN_UNUSED_VARIABLE = YES;
				IPHONEOS_DEPLOYMENT_TARGET = 9.0;
				MTL_ENABLE_DEBUG_INFO = NO;
				SDKROOT = iphoneos;
				TARGETED_DEVICE_FAMILY = "1,2";
				VALIDATE_PRODUCT = YES;
			};
			name = Release;
		};
		E1839DC81BF79335002212C6 /* Debug */ = {
			isa = XCBuildConfiguration;
			buildSettings = {
				ASSETCATALOG_COMPILER_APPICON_NAME = AppIcon;
				INFOPLIST_FILE = EZSwiftExtensions/Info.plist;
				LD_RUNPATH_SEARCH_PATHS = "$(inherited) @executable_path/Frameworks";
				PRODUCT_BUNDLE_IDENTIFIER = com.gbf.EZSwiftExtensions;
				PRODUCT_NAME = "$(TARGET_NAME)";
			};
			name = Debug;
		};
		E1839DC91BF79335002212C6 /* Release */ = {
			isa = XCBuildConfiguration;
			buildSettings = {
				ASSETCATALOG_COMPILER_APPICON_NAME = AppIcon;
				INFOPLIST_FILE = EZSwiftExtensions/Info.plist;
				LD_RUNPATH_SEARCH_PATHS = "$(inherited) @executable_path/Frameworks";
				PRODUCT_BUNDLE_IDENTIFIER = com.gbf.EZSwiftExtensions;
				PRODUCT_NAME = "$(TARGET_NAME)";
			};
			name = Release;
		};
/* End XCBuildConfiguration section */

/* Begin XCConfigurationList section */
		E1839DB01BF79335002212C6 /* Build configuration list for PBXProject "EZSwiftExtensions" */ = {
			isa = XCConfigurationList;
			buildConfigurations = (
				E1839DC51BF79335002212C6 /* Debug */,
				E1839DC61BF79335002212C6 /* Release */,
			);
			defaultConfigurationIsVisible = 0;
			defaultConfigurationName = Release;
		};
		E1839DC71BF79335002212C6 /* Build configuration list for PBXNativeTarget "EZSwiftExtensions" */ = {
			isa = XCConfigurationList;
			buildConfigurations = (
				E1839DC81BF79335002212C6 /* Debug */,
				E1839DC91BF79335002212C6 /* Release */,
			);
			defaultConfigurationIsVisible = 0;
		};
/* End XCConfigurationList section */
	};
	rootObject = E1839DAD1BF79335002212C6 /* Project object */;
}
